
Microsoft Visual Studio Solution File, Format Version 12.00
# Visual Studio Version 17
VisualStudioVersion = 17.2.32526.322
MinimumVisualStudioVersion = 10.0.40219.1
Project("{9A19103F-16F7-4668-BE54-9A1E7A4F7556}") = "TMSapi", "TMSapi\TMSapi.csproj", "{E6A782E5-8D47-4DBD-B000-BD885EF4C71D}"
EndProject
Project("{2150E333-8FDC-42A3-9474-1A3956D46DE8}") = "SolItems", "SolItems", "{3CE1DEC2-D679-4F63-9DC9-71F4B2DF37CF}"
EndProject
Project("{2150E333-8FDC-42A3-9474-1A3956D46DE8}") = "Core", "Core", "{68E9352C-62F3-4E6F-81DC-8DB14EFF387F}"
EndProject
Project("{9A19103F-16F7-4668-BE54-9A1E7A4F7556}") = "Shared", "Shared\Shared.csproj", "{7925E9AB-3CCB-463E-8A44-D191EAA2F165}"
EndProject
Project("{2150E333-8FDC-42A3-9474-1A3956D46DE8}") = "src", "src", "{E3551A41-8796-4465-8693-C99643516AEF}"
EndProject
Project("{2150E333-8FDC-42A3-9474-1A3956D46DE8}") = "Repositories", "Repositories", "{F055007D-FA8F-46EB-B62F-FEAB58C8E8B2}"
EndProject
Project("{9A19103F-16F7-4668-BE54-9A1E7A4F7556}") = "Repository.MSSQL", "Repository.MSSQL\Repository.MSSQL.csproj", "{E7E33F64-E05E-46B5-BA8D-5BE26A6BC8E4}"
EndProject
Project("{9A19103F-16F7-4668-BE54-9A1E7A4F7556}") = "Infrastructure", "Infrastructure\Infrastructure.csproj", "{B41F8F60-F78B-4824-8FF6-14E61993D0CC}"
EndProject
Project("{9A19103F-16F7-4668-BE54-9A1E7A4F7556}") = "Domain", "Domain\Domain.csproj", "{A5EB6788-2380-42D0-B35A-B8FD1EB9C48C}"
EndProject
Project("{9A19103F-16F7-4668-BE54-9A1E7A4F7556}") = "Application", "Application\Application.csproj", "{89BC689B-D149-47CE-96D0-55D9C215B404}"
EndProject
Global
	GlobalSection(SolutionConfigurationPlatforms) = preSolution
		Debug|Any CPU = Debug|Any CPU
		Release|Any CPU = Release|Any CPU
	EndGlobalSection
	GlobalSection(ProjectConfigurationPlatforms) = postSolution
		{E6A782E5-8D47-4DBD-B000-BD885EF4C71D}.Debug|Any CPU.ActiveCfg = Debug|Any CPU
		{E6A782E5-8D47-4DBD-B000-BD885EF4C71D}.Debug|Any CPU.Build.0 = Debug|Any CPU
		{E6A782E5-8D47-4DBD-B000-BD885EF4C71D}.Release|Any CPU.ActiveCfg = Release|Any CPU
		{E6A782E5-8D47-4DBD-B000-BD885EF4C71D}.Release|Any CPU.Build.0 = Release|Any CPU
		{7925E9AB-3CCB-463E-8A44-D191EAA2F165}.Debug|Any CPU.ActiveCfg = Debug|Any CPU
		{7925E9AB-3CCB-463E-8A44-D191EAA2F165}.Debug|Any CPU.Build.0 = Debug|Any CPU
		{7925E9AB-3CCB-463E-8A44-D191EAA2F165}.Release|Any CPU.ActiveCfg = Release|Any CPU
		{7925E9AB-3CCB-463E-8A44-D191EAA2F165}.Release|Any CPU.Build.0 = Release|Any CPU
		{E7E33F64-E05E-46B5-BA8D-5BE26A6BC8E4}.Debug|Any CPU.ActiveCfg = Debug|Any CPU
		{E7E33F64-E05E-46B5-BA8D-5BE26A6BC8E4}.Debug|Any CPU.Build.0 = Debug|Any CPU
		{E7E33F64-E05E-46B5-BA8D-5BE26A6BC8E4}.Release|Any CPU.ActiveCfg = Release|Any CPU
		{E7E33F64-E05E-46B5-BA8D-5BE26A6BC8E4}.Release|Any CPU.Build.0 = Release|Any CPU
		{B41F8F60-F78B-4824-8FF6-14E61993D0CC}.Debug|Any CPU.ActiveCfg = Debug|Any CPU
		{B41F8F60-F78B-4824-8FF6-14E61993D0CC}.Debug|Any CPU.Build.0 = Debug|Any CPU
		{B41F8F60-F78B-4824-8FF6-14E61993D0CC}.Release|Any CPU.ActiveCfg = Release|Any CPU
		{B41F8F60-F78B-4824-8FF6-14E61993D0CC}.Release|Any CPU.Build.0 = Release|Any CPU
		{A5EB6788-2380-42D0-B35A-B8FD1EB9C48C}.Debug|Any CPU.ActiveCfg = Debug|Any CPU
		{A5EB6788-2380-42D0-B35A-B8FD1EB9C48C}.Debug|Any CPU.Build.0 = Debug|Any CPU
		{A5EB6788-2380-42D0-B35A-B8FD1EB9C48C}.Release|Any CPU.ActiveCfg = Release|Any CPU
		{A5EB6788-2380-42D0-B35A-B8FD1EB9C48C}.Release|Any CPU.Build.0 = Release|Any CPU
		{89BC689B-D149-47CE-96D0-55D9C215B404}.Debug|Any CPU.ActiveCfg = Debug|Any CPU
		{89BC689B-D149-47CE-96D0-55D9C215B404}.Debug|Any CPU.Build.0 = Debug|Any CPU
		{89BC689B-D149-47CE-96D0-55D9C215B404}.Release|Any CPU.ActiveCfg = Release|Any CPU
		{89BC689B-D149-47CE-96D0-55D9C215B404}.Release|Any CPU.Build.0 = Release|Any CPU
	EndGlobalSection
	GlobalSection(SolutionProperties) = preSolution
		HideSolutionNode = FALSE
	EndGlobalSection
	GlobalSection(NestedProjects) = preSolution
		{E6A782E5-8D47-4DBD-B000-BD885EF4C71D} = {E3551A41-8796-4465-8693-C99643516AEF}
		{68E9352C-62F3-4E6F-81DC-8DB14EFF387F} = {E3551A41-8796-4465-8693-C99643516AEF}
		{7925E9AB-3CCB-463E-8A44-D191EAA2F165} = {68E9352C-62F3-4E6F-81DC-8DB14EFF387F}
		{F055007D-FA8F-46EB-B62F-FEAB58C8E8B2} = {E3551A41-8796-4465-8693-C99643516AEF}
		{E7E33F64-E05E-46B5-BA8D-5BE26A6BC8E4} = {F055007D-FA8F-46EB-B62F-FEAB58C8E8B2}
		{B41F8F60-F78B-4824-8FF6-14E61993D0CC} = {E3551A41-8796-4465-8693-C99643516AEF}
		{A5EB6788-2380-42D0-B35A-B8FD1EB9C48C} = {68E9352C-62F3-4E6F-81DC-8DB14EFF387F}
		{89BC689B-D149-47CE-96D0-55D9C215B404} = {68E9352C-62F3-4E6F-81DC-8DB14EFF387F}
	EndGlobalSection
	GlobalSection(ExtensibilityGlobals) = postSolution
		SolutionGuid = {74CF8D9A-4D38-4DE7-ADF9-09D4272483A8}
	EndGlobalSection
EndGlobal
